
Microsoft Visual Studio Solution File, Format Version 12.00
# Visual Studio Version 17
VisualStudioVersion = 17.14.36616.10
MinimumVisualStudioVersion = 10.0.40219.1
Project("{FAE04EC0-301F-11D3-BF4B-00C04F79EFBC}") = "Rentt", "Rentt\Rentt.csproj", "{6FF69B13-7B0D-4860-9A5F-9BB4FDC45A3F}"
EndProject
Project("{FAE04EC0-301F-11D3-BF4B-00C04F79EFBC}") = "Rentt.Core", "Rentt.Core\Rentt.Core.csproj", "{A1CFAFCE-D184-45E5-8069-17230904B730}"
EndProject
Project("{FAE04EC0-301F-11D3-BF4B-00C04F79EFBC}") = "Rentt.DataAccess", "Rentt.DataAccess\Rentt.DataAccess.csproj", "{15BCD4F9-1FCF-424A-B53E-D01B8D2B2B54}"
EndProject
Project("{FAE04EC0-301F-11D3-BF4B-00C04F79EFBC}") = "Rentt.Business", "Rentt.Business\Rentt.Business.csproj", "{7355A023-2ABF-4F75-BEBC-171720DE41A4}"
EndProject
Global
	GlobalSection(SolutionConfigurationPlatforms) = preSolution
		Debug|Any CPU = Debug|Any CPU
		Release|Any CPU = Release|Any CPU
	EndGlobalSection
	GlobalSection(ProjectConfigurationPlatforms) = postSolution
		{6FF69B13-7B0D-4860-9A5F-9BB4FDC45A3F}.Debug|Any CPU.ActiveCfg = Debug|Any CPU
		{6FF69B13-7B0D-4860-9A5F-9BB4FDC45A3F}.Debug|Any CPU.Build.0 = Debug|Any CPU
		{6FF69B13-7B0D-4860-9A5F-9BB4FDC45A3F}.Release|Any CPU.ActiveCfg = Release|Any CPU
		{6FF69B13-7B0D-4860-9A5F-9BB4FDC45A3F}.Release|Any CPU.Build.0 = Release|Any CPU
		{A1CFAFCE-D184-45E5-8069-17230904B730}.Debug|Any CPU.ActiveCfg = Debug|Any CPU
		{A1CFAFCE-D184-45E5-8069-17230904B730}.Debug|Any CPU.Build.0 = Debug|Any CPU
		{A1CFAFCE-D184-45E5-8069-17230904B730}.Release|Any CPU.ActiveCfg = Release|Any CPU
		{A1CFAFCE-D184-45E5-8069-17230904B730}.Release|Any CPU.Build.0 = Release|Any CPU
		{15BCD4F9-1FCF-424A-B53E-D01B8D2B2B54}.Debug|Any CPU.ActiveCfg = Debug|Any CPU
		{15BCD4F9-1FCF-424A-B53E-D01B8D2B2B54}.Debug|Any CPU.Build.0 = Debug|Any CPU
		{15BCD4F9-1FCF-424A-B53E-D01B8D2B2B54}.Release|Any CPU.ActiveCfg = Release|Any CPU
		{15BCD4F9-1FCF-424A-B53E-D01B8D2B2B54}.Release|Any CPU.Build.0 = Release|Any CPU
		{7355A023-2ABF-4F75-BEBC-171720DE41A4}.Debug|Any CPU.ActiveCfg = Debug|Any CPU
		{7355A023-2ABF-4F75-BEBC-171720DE41A4}.Debug|Any CPU.Build.0 = Debug|Any CPU
		{7355A023-2ABF-4F75-BEBC-171720DE41A4}.Release|Any CPU.ActiveCfg = Release|Any CPU
		{7355A023-2ABF-4F75-BEBC-171720DE41A4}.Release|Any CPU.Build.0 = Release|Any CPU
	EndGlobalSection
	GlobalSection(SolutionProperties) = preSolution
		HideSolutionNode = FALSE
	EndGlobalSection
	GlobalSection(ExtensibilityGlobals) = postSolution
		SolutionGuid = {5336D691-24FA-4CF5-A61C-0B3351570917}
	EndGlobalSection
EndGlobal
